
Microsoft Visual Studio Solution File, Format Version 12.00
# Visual Studio Version 16
VisualStudioVersion = 16.0.30907.101
MinimumVisualStudioVersion = 10.0.40219.1
Project("{FAE04EC0-301F-11D3-BF4B-00C04F79EFBC}") = "Jenkins", "Jenkins\Jenkins.csproj", "{DA5D246F-72E1-4CBF-8B53-9FD7D31ABF8B}"
EndProject
Global
	GlobalSection(SolutionConfigurationPlatforms) = preSolution
		Debug|Any CPU = Debug|Any CPU
		Release|Any CPU = Release|Any CPU
	EndGlobalSection
	GlobalSection(ProjectConfigurationPlatforms) = postSolution
		{DA5D246F-72E1-4CBF-8B53-9FD7D31ABF8B}.Debug|Any CPU.ActiveCfg = Debug|Any CPU
		{DA5D246F-72E1-4CBF-8B53-9FD7D31ABF8B}.Debug|Any CPU.Build.0 = Debug|Any CPU
		{DA5D246F-72E1-4CBF-8B53-9FD7D31ABF8B}.Release|Any CPU.ActiveCfg = Release|Any CPU
		{DA5D246F-72E1-4CBF-8B53-9FD7D31ABF8B}.Release|Any CPU.Build.0 = Release|Any CPU
	EndGlobalSection
	GlobalSection(SolutionProperties) = preSolution
		HideSolutionNode = FALSE
	EndGlobalSection
	GlobalSection(ExtensibilityGlobals) = postSolution
		SolutionGuid = {7FDBF52C-45FE-4BA1-81C4-D2D8AEE2F206}
	EndGlobalSection
EndGlobal
